
Microsoft Visual Studio Solution File, Format Version 12.00
# Visual Studio Version 17
VisualStudioVersion = 17.3.32825.248
MinimumVisualStudioVersion = 10.0.40219.1
Project("{FAE04EC0-301F-11D3-BF4B-00C04F79EFBC}") = "Schooldb2022", "Schooldb2022\Schooldb2022.csproj", "{5EA77461-AA3A-4419-877C-5694C1935B47}"
EndProject
Global
	GlobalSection(SolutionConfigurationPlatforms) = preSolution
		Debug|Any CPU = Debug|Any CPU
		Release|Any CPU = Release|Any CPU
	EndGlobalSection
	GlobalSection(ProjectConfigurationPlatforms) = postSolution
		{5EA77461-AA3A-4419-877C-5694C1935B47}.Debug|Any CPU.ActiveCfg = Debug|Any CPU
		{5EA77461-AA3A-4419-877C-5694C1935B47}.Debug|Any CPU.Build.0 = Debug|Any CPU
		{5EA77461-AA3A-4419-877C-5694C1935B47}.Release|Any CPU.ActiveCfg = Release|Any CPU
		{5EA77461-AA3A-4419-877C-5694C1935B47}.Release|Any CPU.Build.0 = Release|Any CPU
	EndGlobalSection
	GlobalSection(SolutionProperties) = preSolution
		HideSolutionNode = FALSE
	EndGlobalSection
	GlobalSection(ExtensibilityGlobals) = postSolution
		SolutionGuid = {11215486-FD15-46DA-A0DD-1B0BF38924D5}
	EndGlobalSection
EndGlobal
